
Microsoft Visual Studio Solution File, Format Version 12.00
# Visual Studio 15
VisualStudioVersion = 15.0.27130.2024
MinimumVisualStudioVersion = 10.0.40219.1
Project("{9A19103F-16F7-4668-BE54-9A1E7A4F7556}") = "ListBlobFiles", "ListBlobFiles\ListBlobFiles.csproj", "{CEC57960-577D-4B14-8FB8-91ABDB02F56D}"
EndProject
Global
	GlobalSection(SolutionConfigurationPlatforms) = preSolution
		Debug|Any CPU = Debug|Any CPU
		Release|Any CPU = Release|Any CPU
	EndGlobalSection
	GlobalSection(ProjectConfigurationPlatforms) = postSolution
		{CEC57960-577D-4B14-8FB8-91ABDB02F56D}.Debug|Any CPU.ActiveCfg = Debug|Any CPU
		{CEC57960-577D-4B14-8FB8-91ABDB02F56D}.Debug|Any CPU.Build.0 = Debug|Any CPU
		{CEC57960-577D-4B14-8FB8-91ABDB02F56D}.Release|Any CPU.ActiveCfg = Release|Any CPU
		{CEC57960-577D-4B14-8FB8-91ABDB02F56D}.Release|Any CPU.Build.0 = Release|Any CPU
	EndGlobalSection
	GlobalSection(SolutionProperties) = preSolution
		HideSolutionNode = FALSE
	EndGlobalSection
	GlobalSection(ExtensibilityGlobals) = postSolution
		SolutionGuid = {139B7EB1-1C9B-4F63-BA86-93BFF4397D6C}
	EndGlobalSection
EndGlobal
